
Microsoft Visual Studio Solution File, Format Version 12.00
# Visual Studio Version 16
VisualStudioVersion = 16.0.30517.126
MinimumVisualStudioVersion = 10.0.40219.1
Project("{8BC9CEB8-8B4A-11D0-8D11-00A0C91BC942}") = "versus", "versus\versus.vcxproj", "{1E80A8D5-C3FD-4CDF-AD24-C93FD0D6E4FB}"
EndProject
Project("{8BC9CEB8-8B4A-11D0-8D11-00A0C91BC942}") = "versus-framework", "versus-framework\versus-framework.vcxproj", "{BF8FE89B-7E96-4572-B085-74E65536D7BC}"
EndProject
Project("{8BC9CEB8-8B4A-11D0-8D11-00A0C91BC942}") = "versus-framework-tests", "versus-framework-tests\versus-framework-tests.vcxproj", "{613897FD-E8CD-4AE8-9DD9-DC95009BAF02}"
EndProject
Project("{8BC9CEB8-8B4A-11D0-8D11-00A0C91BC942}") = "versus-editor", "versus-editor\versus-editor.vcxproj", "{D5185740-B556-458F-BEFC-B472A287F1BB}"
	ProjectSection(ProjectDependencies) = postProject
		{BF8FE89B-7E96-4572-B085-74E65536D7BC} = {BF8FE89B-7E96-4572-B085-74E65536D7BC}
	EndProjectSection
EndProject
Global
	GlobalSection(SolutionConfigurationPlatforms) = preSolution
		Debug|x64 = Debug|x64
		Debug|x86 = Debug|x86
		Release|x64 = Release|x64
		Release|x86 = Release|x86
	EndGlobalSection
	GlobalSection(ProjectConfigurationPlatforms) = postSolution
		{1E80A8D5-C3FD-4CDF-AD24-C93FD0D6E4FB}.Debug|x64.ActiveCfg = Debug|x64
		{1E80A8D5-C3FD-4CDF-AD24-C93FD0D6E4FB}.Debug|x64.Build.0 = Debug|x64
		{1E80A8D5-C3FD-4CDF-AD24-C93FD0D6E4FB}.Debug|x86.ActiveCfg = Debug|Win32
		{1E80A8D5-C3FD-4CDF-AD24-C93FD0D6E4FB}.Debug|x86.Build.0 = Debug|Win32
		{1E80A8D5-C3FD-4CDF-AD24-C93FD0D6E4FB}.Release|x64.ActiveCfg = Release|x64
		{1E80A8D5-C3FD-4CDF-AD24-C93FD0D6E4FB}.Release|x64.Build.0 = Release|x64
		{1E80A8D5-C3FD-4CDF-AD24-C93FD0D6E4FB}.Release|x86.ActiveCfg = Release|Win32
		{1E80A8D5-C3FD-4CDF-AD24-C93FD0D6E4FB}.Release|x86.Build.0 = Release|Win32
		{BF8FE89B-7E96-4572-B085-74E65536D7BC}.Debug|x64.ActiveCfg = Debug|x64
		{BF8FE89B-7E96-4572-B085-74E65536D7BC}.Debug|x64.Build.0 = Debug|x64
		{BF8FE89B-7E96-4572-B085-74E65536D7BC}.Debug|x86.ActiveCfg = Debug|Win32
		{BF8FE89B-7E96-4572-B085-74E65536D7BC}.Debug|x86.Build.0 = Debug|Win32
		{BF8FE89B-7E96-4572-B085-74E65536D7BC}.Release|x64.ActiveCfg = Release|x64
		{BF8FE89B-7E96-4572-B085-74E65536D7BC}.Release|x64.Build.0 = Release|x64
		{BF8FE89B-7E96-4572-B085-74E65536D7BC}.Release|x86.ActiveCfg = Release|Win32
		{BF8FE89B-7E96-4572-B085-74E65536D7BC}.Release|x86.Build.0 = Release|Win32
		{613897FD-E8CD-4AE8-9DD9-DC95009BAF02}.Debug|x64.ActiveCfg = Debug|x64
		{613897FD-E8CD-4AE8-9DD9-DC95009BAF02}.Debug|x64.Build.0 = Debug|x64
		{613897FD-E8CD-4AE8-9DD9-DC95009BAF02}.Debug|x86.ActiveCfg = Debug|Win32
		{613897FD-E8CD-4AE8-9DD9-DC95009BAF02}.Debug|x86.Build.0 = Debug|Win32
		{613897FD-E8CD-4AE8-9DD9-DC95009BAF02}.Release|x64.ActiveCfg = Release|x64
		{613897FD-E8CD-4AE8-9DD9-DC95009BAF02}.Release|x64.Build.0 = Release|x64
		{613897FD-E8CD-4AE8-9DD9-DC95009BAF02}.Release|x86.ActiveCfg = Release|Win32
		{613897FD-E8CD-4AE8-9DD9-DC95009BAF02}.Release|x86.Build.0 = Release|Win32
		{D5185740-B556-458F-BEFC-B472A287F1BB}.Debug|x64.ActiveCfg = Debug|x64
		{D5185740-B556-458F-BEFC-B472A287F1BB}.Debug|x64.Build.0 = Debug|x64
		{D5185740-B556-458F-BEFC-B472A287F1BB}.Debug|x86.ActiveCfg = Debug|Win32
		{D5185740-B556-458F-BEFC-B472A287F1BB}.Debug|x86.Build.0 = Debug|Win32
		{D5185740-B556-458F-BEFC-B472A287F1BB}.Release|x64.ActiveCfg = Release|x64
		{D5185740-B556-458F-BEFC-B472A287F1BB}.Release|x64.Build.0 = Release|x64
		{D5185740-B556-458F-BEFC-B472A287F1BB}.Release|x86.ActiveCfg = Release|Win32
		{D5185740-B556-458F-BEFC-B472A287F1BB}.Release|x86.Build.0 = Release|Win32
	EndGlobalSection
	GlobalSection(SolutionProperties) = preSolution
		HideSolutionNode = FALSE
	EndGlobalSection
	GlobalSection(ExtensibilityGlobals) = postSolution
		SolutionGuid = {AF483841-11B7-4F73-9188-C3FEF58014DF}
	EndGlobalSection
EndGlobal
